// !$*UTF8*$!
{
	archiveVersion = 1;
	classes = {
	};
	objectVersion = 46;
	objects = {

/* Begin PBXBuildFile section */
		D8BB63A91CD7FD2E000EBCFE /* main.cpp in Sources */ = {isa = PBXBuildFile; fileRef = D8BB63A81CD7FD2E000EBCFE /* main.cpp */; };
		D8BB63B71CD7FE08000EBCFE /* libopencv_core.3.1.0.dylib in Frameworks */ = {isa = PBXBuildFile; fileRef = D8BB63AF1CD7FE08000EBCFE /* libopencv_core.3.1.0.dylib */; };
		D8BB63B81CD7FE08000EBCFE /* libopencv_highgui.3.1.0.dylib in Frameworks */ = {isa = PBXBuildFile; fileRef = D8BB63B01CD7FE08000EBCFE /* libopencv_highgui.3.1.0.dylib */; };
		D8BB63B91CD7FE08000EBCFE /* libopencv_imgcodecs.3.1.0.dylib in Frameworks */ = {isa = PBXBuildFile; fileRef = D8BB63B11CD7FE08000EBCFE /* libopencv_imgcodecs.3.1.0.dylib */; };
		D8BB63BA1CD7FE08000EBCFE /* libopencv_imgproc.3.1.0.dylib in Frameworks */ = {isa = PBXBuildFile; fileRef = D8BB63B21CD7FE08000EBCFE /* libopencv_imgproc.3.1.0.dylib */; };
		D8BB63BB1CD7FE08000EBCFE /* libopencv_photo.3.1.0.dylib in Frameworks */ = {isa = PBXBuildFile; fileRef = D8BB63B31CD7FE08000EBCFE /* libopencv_photo.3.1.0.dylib */; };
		D8BB63BC1CD7FE08000EBCFE /* libopencv_shape.3.1.0.dylib in Frameworks */ = {isa = PBXBuildFile; fileRef = D8BB63B41CD7FE08000EBCFE /* libopencv_shape.3.1.0.dylib */; };
		D8BB63BD1CD7FE08000EBCFE /* libopencv_stitching.3.1.0.dylib in Frameworks */ = {isa = PBXBuildFile; fileRef = D8BB63B51CD7FE08000EBCFE /* libopencv_stitching.3.1.0.dylib */; };
		D8BB63BE1CD7FE08000EBCFE /* libopencv_video.3.1.0.dylib in Frameworks */ = {isa = PBXBuildFile; fileRef = D8BB63B61CD7FE08000EBCFE /* libopencv_video.3.1.0.dylib */; };
/* End PBXBuildFile section */

/* Begin PBXCopyFilesBuildPhase section */
		D8BB63A31CD7FD2E000EBCFE /* CopyFiles */ = {
			isa = PBXCopyFilesBuildPhase;
			buildActionMask = 2147483647;
			dstPath = /usr/share/man/man1/;
			dstSubfolderSpec = 0;
			files = (
			);
			runOnlyForDeploymentPostprocessing = 1;
		};
/* End PBXCopyFilesBuildPhase section */

/* Begin PBXFileReference section */
		D8BB63A51CD7FD2E000EBCFE /* meh */ = {isa = PBXFileReference; explicitFileType = "compiled.mach-o.executable"; includeInIndex = 0; path = meh; sourceTree = BUILT_PRODUCTS_DIR; };
		D8BB63A81CD7FD2E000EBCFE /* main.cpp */ = {isa = PBXFileReference; lastKnownFileType = sourcecode.cpp.cpp; path = main.cpp; sourceTree = "<group>"; };
		D8BB63AF1CD7FE08000EBCFE /* libopencv_core.3.1.0.dylib */ = {isa = PBXFileReference; lastKnownFileType = "compiled.mach-o.dylib"; path = libopencv_core.3.1.0.dylib; sourceTree = "<group>"; };
		D8BB63B01CD7FE08000EBCFE /* libopencv_highgui.3.1.0.dylib */ = {isa = PBXFileReference; lastKnownFileType = "compiled.mach-o.dylib"; path = libopencv_highgui.3.1.0.dylib; sourceTree = "<group>"; };
		D8BB63B11CD7FE08000EBCFE /* libopencv_imgcodecs.3.1.0.dylib */ = {isa = PBXFileReference; lastKnownFileType = "compiled.mach-o.dylib"; path = libopencv_imgcodecs.3.1.0.dylib; sourceTree = "<group>"; };
		D8BB63B21CD7FE08000EBCFE /* libopencv_imgproc.3.1.0.dylib */ = {isa = PBXFileReference; lastKnownFileType = "compiled.mach-o.dylib"; path = libopencv_imgproc.3.1.0.dylib; sourceTree = "<group>"; };
		D8BB63B31CD7FE08000EBCFE /* libopencv_photo.3.1.0.dylib */ = {isa = PBXFileReference; lastKnownFileType = "compiled.mach-o.dylib"; path = libopencv_photo.3.1.0.dylib; sourceTree = "<group>"; };
		D8BB63B41CD7FE08000EBCFE /* libopencv_shape.3.1.0.dylib */ = {isa = PBXFileReference; lastKnownFileType = "compiled.mach-o.dylib"; path = libopencv_shape.3.1.0.dylib; sourceTree = "<group>"; };
		D8BB63B51CD7FE08000EBCFE /* libopencv_stitching.3.1.0.dylib */ = {isa = PBXFileReference; lastKnownFileType = "compiled.mach-o.dylib"; path = libopencv_stitching.3.1.0.dylib; sourceTree = "<group>"; };
		D8BB63B61CD7FE08000EBCFE /* libopencv_video.3.1.0.dylib */ = {isa = PBXFileReference; lastKnownFileType = "compiled.mach-o.dylib"; path = libopencv_video.3.1.0.dylib; sourceTree = "<group>"; };
/* End PBXFileReference section */

/* Begin PBXFrameworksBuildPhase section */
		D8BB63A21CD7FD2E000EBCFE /* Frameworks */ = {
			isa = PBXFrameworksBuildPhase;
			buildActionMask = 2147483647;
			files = (
				D8BB63BD1CD7FE08000EBCFE /* libopencv_stitching.3.1.0.dylib in Frameworks */,
				D8BB63B91CD7FE08000EBCFE /* libopencv_imgcodecs.3.1.0.dylib in Frameworks */,
				D8BB63BC1CD7FE08000EBCFE /* libopencv_shape.3.1.0.dylib in Frameworks */,
				D8BB63BE1CD7FE08000EBCFE /* libopencv_video.3.1.0.dylib in Frameworks */,
				D8BB63B71CD7FE08000EBCFE /* libopencv_core.3.1.0.dylib in Frameworks */,
				D8BB63B81CD7FE08000EBCFE /* libopencv_highgui.3.1.0.dylib in Frameworks */,
				D8BB63BB1CD7FE08000EBCFE /* libopencv_photo.3.1.0.dylib in Frameworks */,
				D8BB63BA1CD7FE08000EBCFE /* libopencv_imgproc.3.1.0.dylib in Frameworks */,
			);
			runOnlyForDeploymentPostprocessing = 0;
		};
/* End PBXFrameworksBuildPhase section */

/* Begin PBXGroup section */
		D8BB639C1CD7FD2E000EBCFE = {
			isa = PBXGroup;
			children = (
				D8BB63AF1CD7FE08000EBCFE /* libopencv_core.3.1.0.dylib */,
				D8BB63B01CD7FE08000EBCFE /* libopencv_highgui.3.1.0.dylib */,
				D8BB63B11CD7FE08000EBCFE /* libopencv_imgcodecs.3.1.0.dylib */,
				D8BB63B21CD7FE08000EBCFE /* libopencv_imgproc.3.1.0.dylib */,
				D8BB63B31CD7FE08000EBCFE /* libopencv_photo.3.1.0.dylib */,
				D8BB63B41CD7FE08000EBCFE /* libopencv_shape.3.1.0.dylib */,
				D8BB63B51CD7FE08000EBCFE /* libopencv_stitching.3.1.0.dylib */,
				D8BB63B61CD7FE08000EBCFE /* libopencv_video.3.1.0.dylib */,
				D8BB63A71CD7FD2E000EBCFE /* meh */,
				D8BB63A61CD7FD2E000EBCFE /* Products */,
			);
			sourceTree = "<group>";
		};
		D8BB63A61CD7FD2E000EBCFE /* Products */ = {
			isa = PBXGroup;
			children = (
				D8BB63A51CD7FD2E000EBCFE /* meh */,
			);
			name = Products;
			sourceTree = "<group>";
		};
		D8BB63A71CD7FD2E000EBCFE /* meh */ = {
			isa = PBXGroup;
			children = (
				D8BB63A81CD7FD2E000EBCFE /* main.cpp */,
			);
			path = meh;
			sourceTree = "<group>";
		};
/* End PBXGroup section */

/* Begin PBXNativeTarget section */
		D8BB63A41CD7FD2E000EBCFE /* meh */ = {
			isa = PBXNativeTarget;
			buildConfigurationList = D8BB63AC1CD7FD2E000EBCFE /* Build configuration list for PBXNativeTarget "meh" */;
			buildPhases = (
				D8BB63A11CD7FD2E000EBCFE /* Sources */,
				D8BB63A21CD7FD2E000EBCFE /* Frameworks */,
				D8BB63A31CD7FD2E000EBCFE /* CopyFiles */,
			);
			buildRules = (
			);
			dependencies = (
			);
			name = meh;
			productName = meh;
			productReference = D8BB63A51CD7FD2E000EBCFE /* meh */;
			productType = "com.apple.product-type.tool";
		};
/* End PBXNativeTarget section */

/* Begin PBXProject section */
		D8BB639D1CD7FD2E000EBCFE /* Project object */ = {
			isa = PBXProject;
			attributes = {
				LastUpgradeCheck = 0720;
				ORGANIZATIONNAME = "Mridul Gupta";
				TargetAttributes = {
					D8BB63A41CD7FD2E000EBCFE = {
						CreatedOnToolsVersion = 7.2.1;
					};
				};
			};
			buildConfigurationList = D8BB63A01CD7FD2E000EBCFE /* Build configuration list for PBXProject "meh" */;
			compatibilityVersion = "Xcode 3.2";
			developmentRegion = English;
			hasScannedForEncodings = 0;
			knownRegions = (
				en,
			);
			mainGroup = D8BB639C1CD7FD2E000EBCFE;
			productRefGroup = D8BB63A61CD7FD2E000EBCFE /* Products */;
			projectDirPath = "";
			projectRoot = "";
			targets = (
				D8BB63A41CD7FD2E000EBCFE /* meh */,
			);
		};
/* End PBXProject section */

/* Begin PBXSourcesBuildPhase section */
		D8BB63A11CD7FD2E000EBCFE /* Sources */ = {
			isa = PBXSourcesBuildPhase;
			buildActionMask = 2147483647;
			files = (
				D8BB63A91CD7FD2E000EBCFE /* main.cpp in Sources */,
			);
			runOnlyForDeploymentPostprocessing = 0;
		};
/* End PBXSourcesBuildPhase section */

/* Begin XCBuildConfiguration section */
		D8BB63AA1CD7FD2E000EBCFE /* Debug */ = {
			isa = XCBuildConfiguration;
			buildSettings = {
				ALWAYS_SEARCH_USER_PATHS = NO;
				CLANG_CXX_LANGUAGE_STANDARD = "gnu++0x";
				CLANG_CXX_LIBRARY = "libc++";
				CLANG_ENABLE_MODULES = YES;
				CLANG_ENABLE_OBJC_ARC = YES;
				CLANG_WARN_BOOL_CONVERSION = YES;
				CLANG_WARN_CONSTANT_CONVERSION = YES;
				CLANG_WARN_DIRECT_OBJC_ISA_USAGE = YES_ERROR;
				CLANG_WARN_EMPTY_BODY = YES;
				CLANG_WARN_ENUM_CONVERSION = YES;
				CLANG_WARN_INT_CONVERSION = YES;
				CLANG_WARN_OBJC_ROOT_CLASS = YES_ERROR;
				CLANG_WARN_UNREACHABLE_CODE = YES;
				CLANG_WARN__DUPLICATE_METHOD_MATCH = YES;
				CODE_SIGN_IDENTITY = "-";
				COPY_PHASE_STRIP = NO;
				DEBUG_INFORMATION_FORMAT = dwarf;
				ENABLE_STRICT_OBJC_MSGSEND = YES;
				ENABLE_TESTABILITY = YES;
				GCC_C_LANGUAGE_STANDARD = gnu99;
				GCC_DYNAMIC_NO_PIC = NO;
				GCC_NO_COMMON_BLOCKS = YES;
				GCC_OPTIMIZATION_LEVEL = 0;
				GCC_PREPROCESSOR_DEFINITIONS = (
					"DEBUG=1",
					"$(inherited)",
				);
				GCC_WARN_64_TO_32_BIT_CONVERSION = YES;
				GCC_WARN_ABOUT_RETURN_TYPE = YES_ERROR;
				GCC_WARN_UNDECLARED_SELECTOR = YES;
				GCC_WARN_UNINITIALIZED_AUTOS = YES_AGGRESSIVE;
				GCC_WARN_UNUSED_FUNCTION = YES;
				GCC_WARN_UNUSED_VARIABLE = YES;
				MACOSX_DEPLOYMENT_TARGET = 10.10;
				MTL_ENABLE_DEBUG_INFO = YES;
				ONLY_ACTIVE_ARCH = YES;
				SDKROOT = macosx;
			};
			name = Debug;
		};
		D8BB63AB1CD7FD2E000EBCFE /* Release */ = {
			isa = XCBuildConfiguration;
			buildSettings = {
				ALWAYS_SEARCH_USER_PATHS = NO;
				CLANG_CXX_LANGUAGE_STANDARD = "gnu++0x";
				CLANG_CXX_LIBRARY = "libc++";
				CLANG_ENABLE_MODULES = YES;
				CLANG_ENABLE_OBJC_ARC = YES;
				CLANG_WARN_BOOL_CONVERSION = YES;
				CLANG_WARN_CONSTANT_CONVERSION = YES;
				CLANG_WARN_DIRECT_OBJC_ISA_USAGE = YES_ERROR;
				CLANG_WARN_EMPTY_BODY = YES;
				CLANG_WARN_ENUM_CONVERSION = YES;
				CLANG_WARN_INT_CONVERSION = YES;
				CLANG_WARN_OBJC_ROOT_CLASS = YES_ERROR;
				CLANG_WARN_UNREACHABLE_CODE = YES;
				CLANG_WARN__DUPLICATE_METHOD_MATCH = YES;
				CODE_SIGN_IDENTITY = "-";
				COPY_PHASE_STRIP = NO;
				DEBUG_INFORMATION_FORMAT = "dwarf-with-dsym";
				ENABLE_NS_ASSERTIONS = NO;
				ENABLE_STRICT_OBJC_MSGSEND = YES;
				GCC_C_LANGUAGE_STANDARD = gnu99;
				GCC_NO_COMMON_BLOCKS = YES;
				GCC_WARN_64_TO_32_BIT_CONVERSION = YES;
				GCC_WARN_ABOUT_RETURN_TYPE = YES_ERROR;
				GCC_WARN_UNDECLARED_SELECTOR = YES;
				GCC_WARN_UNINITIALIZED_AUTOS = YES_AGGRESSIVE;
				GCC_WARN_UNUSED_FUNCTION = YES;
				GCC_WARN_UNUSED_VARIABLE = YES;
				MACOSX_DEPLOYMENT_TARGET = 10.10;
				MTL_ENABLE_DEBUG_INFO = NO;
				SDKROOT = macosx;
			};
			name = Release;
		};
		D8BB63AD1CD7FD2E000EBCFE /* Debug */ = {
			isa = XCBuildConfiguration;
			buildSettings = {
				HEADER_SEARCH_PATHS = /usr/local/include;
				LIBRARY_SEARCH_PATHS = (
					/usr/local/lib,
					"$(PROJECT_DIR)",
				);
				PRODUCT_NAME = "$(TARGET_NAME)";
			};
			name = Debug;
		};
		D8BB63AE1CD7FD2E000EBCFE /* Release */ = {
			isa = XCBuildConfiguration;
			buildSettings = {
				HEADER_SEARCH_PATHS = /usr/local/include;
				LIBRARY_SEARCH_PATHS = (
					/usr/local/lib,
					"$(PROJECT_DIR)",
				);
				PRODUCT_NAME = "$(TARGET_NAME)";
			};
			name = Release;
		};
/* End XCBuildConfiguration section */

/* Begin XCConfigurationList section */
		D8BB63A01CD7FD2E000EBCFE /* Build configuration list for PBXProject "meh" */ = {
			isa = XCConfigurationList;
			buildConfigurations = (
				D8BB63AA1CD7FD2E000EBCFE /* Debug */,
				D8BB63AB1CD7FD2E000EBCFE /* Release */,
			);
			defaultConfigurationIsVisible = 0;
			defaultConfigurationName = Release;
		};
		D8BB63AC1CD7FD2E000EBCFE /* Build configuration list for PBXNativeTarget "meh" */ = {
			isa = XCConfigurationList;
			buildConfigurations = (
				D8BB63AD1CD7FD2E000EBCFE /* Debug */,
				D8BB63AE1CD7FD2E000EBCFE /* Release */,
			);
			defaultConfigurationIsVisible = 0;
		};
/* End XCConfigurationList section */
	};
	rootObject = D8BB639D1CD7FD2E000EBCFE /* Project object */;
}
